// !$*UTF8*$!
{
	archiveVersion = 1;
	classes = {
	};
	objectVersion = 48;
	objects = {

/* Begin PBXBuildFile section */
		AB247B091FBC991400B8957D /* PickerMode.swift in Sources */ = {isa = PBXBuildFile; fileRef = AB247B081FBC991400B8957D /* PickerMode.swift */; };
		AB39FE541FB9E60C00CB6F9C /* AppDelegate.swift in Sources */ = {isa = PBXBuildFile; fileRef = AB39FE531FB9E60C00CB6F9C /* AppDelegate.swift */; };
		AB39FE561FB9E60C00CB6F9C /* ViewController.swift in Sources */ = {isa = PBXBuildFile; fileRef = AB39FE551FB9E60C00CB6F9C /* ViewController.swift */; };
		AB39FE591FB9E60C00CB6F9C /* Main.storyboard in Resources */ = {isa = PBXBuildFile; fileRef = AB39FE571FB9E60C00CB6F9C /* Main.storyboard */; };
		AB39FE5B1FB9E60C00CB6F9C /* Assets.xcassets in Resources */ = {isa = PBXBuildFile; fileRef = AB39FE5A1FB9E60C00CB6F9C /* Assets.xcassets */; };
		AB39FE5E1FB9E60C00CB6F9C /* LaunchScreen.storyboard in Resources */ = {isa = PBXBuildFile; fileRef = AB39FE5C1FB9E60C00CB6F9C /* LaunchScreen.storyboard */; };
		AB39FE691FB9E60D00CB6F9C /* clintosarkitTests.swift in Sources */ = {isa = PBXBuildFile; fileRef = AB39FE681FB9E60D00CB6F9C /* clintosarkitTests.swift */; };
		AB39FE741FB9E60D00CB6F9C /* clintosarkitUITests.swift in Sources */ = {isa = PBXBuildFile; fileRef = AB39FE731FB9E60D00CB6F9C /* clintosarkitUITests.swift */; };
		AB39FE8A1FBA174900CB6F9C /* Plane.swift in Sources */ = {isa = PBXBuildFile; fileRef = AB39FE891FBA174900CB6F9C /* Plane.swift */; };
		AB39FE8E1FBA288500CB6F9C /* Box.swift in Sources */ = {isa = PBXBuildFile; fileRef = AB39FE8D1FBA288500CB6F9C /* Box.swift */; };
		AB61CF951FBB423100DD8001 /* OptionsViewController.swift in Sources */ = {isa = PBXBuildFile; fileRef = AB61CF941FBB423100DD8001 /* OptionsViewController.swift */; };
		AB61CF971FBB5C7500DD8001 /* Settings.swift in Sources */ = {isa = PBXBuildFile; fileRef = AB61CF961FBB5C7500DD8001 /* Settings.swift */; };
		AB8206EF1FBCC7EC0092833D /* PhysicalObject.swift in Sources */ = {isa = PBXBuildFile; fileRef = AB8206EE1FBCC7EC0092833D /* PhysicalObject.swift */; };
		ABCAF1E51FBBA33700C8917F /* Sphere.swift in Sources */ = {isa = PBXBuildFile; fileRef = ABCAF1E41FBBA33700C8917F /* Sphere.swift */; };
		ABCAF1E71FBBA45D00C8917F /* PhysicalObjectType.swift in Sources */ = {isa = PBXBuildFile; fileRef = ABCAF1E61FBBA45D00C8917F /* PhysicalObjectType.swift */; };
		ABCAF1E91FBBA71700C8917F /* ForceType.swift in Sources */ = {isa = PBXBuildFile; fileRef = ABCAF1E81FBBA71700C8917F /* ForceType.swift */; };
		ABCAF1F71FBC888100C8917F /* MaterialType.swift in Sources */ = {isa = PBXBuildFile; fileRef = ABCAF1F61FBC888100C8917F /* MaterialType.swift */; };
		ABCAF1FD1FBC8BDC00C8917F /* copper-metal.png in Resources */ = {isa = PBXBuildFile; fileRef = ABCAF1F91FBC8BDB00C8917F /* copper-metal.png */; };
		ABCAF1FE1FBC8BDC00C8917F /* copper-albedo.png in Resources */ = {isa = PBXBuildFile; fileRef = ABCAF1FA1FBC8BDB00C8917F /* copper-albedo.png */; };
		ABCAF1FF1FBC8BDC00C8917F /* coppper-roughness.png in Resources */ = {isa = PBXBuildFile; fileRef = ABCAF1FB1FBC8BDB00C8917F /* coppper-roughness.png */; };
		ABCAF2001FBC8BDC00C8917F /* copper-normal.png in Resources */ = {isa = PBXBuildFile; fileRef = ABCAF1FC1FBC8BDC00C8917F /* copper-normal.png */; };
		ABCAF2061FBC8C0A00C8917F /* iron-roughness.png in Resources */ = {isa = PBXBuildFile; fileRef = ABCAF2021FBC8C0900C8917F /* iron-roughness.png */; };
		ABCAF2071FBC8C0A00C8917F /* iron-albedo.png in Resources */ = {isa = PBXBuildFile; fileRef = ABCAF2031FBC8C0900C8917F /* iron-albedo.png */; };
		ABCAF2081FBC8C0A00C8917F /* iron-metallic.png in Resources */ = {isa = PBXBuildFile; fileRef = ABCAF2041FBC8C0A00C8917F /* iron-metallic.png */; };
		ABCAF2091FBC8C0A00C8917F /* iron-normal.png in Resources */ = {isa = PBXBuildFile; fileRef = ABCAF2051FBC8C0A00C8917F /* iron-normal.png */; };
		ABCAF20F1FBC8C5C00C8917F /* limestone-albedo.png in Resources */ = {isa = PBXBuildFile; fileRef = ABCAF20B1FBC8C5900C8917F /* limestone-albedo.png */; };
		ABCAF2101FBC8C5C00C8917F /* limestone-normal.png in Resources */ = {isa = PBXBuildFile; fileRef = ABCAF20C1FBC8C5B00C8917F /* limestone-normal.png */; };
		ABCAF2111FBC8C5C00C8917F /* limestone-metalness.png in Resources */ = {isa = PBXBuildFile; fileRef = ABCAF20D1FBC8C5B00C8917F /* limestone-metalness.png */; };
		ABCAF2121FBC8C5C00C8917F /* limestone-roughness.png in Resources */ = {isa = PBXBuildFile; fileRef = ABCAF20E1FBC8C5B00C8917F /* limestone-roughness.png */; };
		ABCAF2141FBC8C7400C8917F /* Texture.swift in Sources */ = {isa = PBXBuildFile; fileRef = ABCAF2131FBC8C7400C8917F /* Texture.swift */; };
		ABCAF21A1FBC8F5900C8917F /* plastic-metal.png in Resources */ = {isa = PBXBuildFile; fileRef = ABCAF2161FBC8F5900C8917F /* plastic-metal.png */; };
		ABCAF21B1FBC8F5900C8917F /* plastic-normal.png in Resources */ = {isa = PBXBuildFile; fileRef = ABCAF2171FBC8F5900C8917F /* plastic-normal.png */; };
		ABCAF21C1FBC8F5900C8917F /* plastic-albedo.png in Resources */ = {isa = PBXBuildFile; fileRef = ABCAF2181FBC8F5900C8917F /* plastic-albedo.png */; };
		ABCAF21D1FBC8F5900C8917F /* plastic-roughness.png in Resources */ = {isa = PBXBuildFile; fileRef = ABCAF2191FBC8F5900C8917F /* plastic-roughness.png */; };
		ABCAF2231FBC8F8900C8917F /* rubber-roughness.png in Resources */ = {isa = PBXBuildFile; fileRef = ABCAF21F1FBC8F8800C8917F /* rubber-roughness.png */; };
		ABCAF2241FBC8F8900C8917F /* rubber-metalness.png in Resources */ = {isa = PBXBuildFile; fileRef = ABCAF2201FBC8F8800C8917F /* rubber-metalness.png */; };
		ABCAF2251FBC8F8900C8917F /* rubber-normal.png in Resources */ = {isa = PBXBuildFile; fileRef = ABCAF2211FBC8F8800C8917F /* rubber-normal.png */; };
		ABCAF2261FBC8F8900C8917F /* rubber-albedo.png in Resources */ = {isa = PBXBuildFile; fileRef = ABCAF2221FBC8F8900C8917F /* rubber-albedo.png */; };
		ABCAF22C1FBC901100C8917F /* sandstone-albedo.png in Resources */ = {isa = PBXBuildFile; fileRef = ABCAF2281FBC900F00C8917F /* sandstone-albedo.png */; };
		ABCAF22D1FBC901100C8917F /* sandstone-metalness.png in Resources */ = {isa = PBXBuildFile; fileRef = ABCAF2291FBC901000C8917F /* sandstone-metalness.png */; };
		ABCAF22E1FBC901100C8917F /* sandstone-roughness.png in Resources */ = {isa = PBXBuildFile; fileRef = ABCAF22A1FBC901000C8917F /* sandstone-roughness.png */; };
		ABCAF22F1FBC901100C8917F /* sandstone-normal.png in Resources */ = {isa = PBXBuildFile; fileRef = ABCAF22B1FBC901100C8917F /* sandstone-normal.png */; };
/* End PBXBuildFile section */

/* Begin PBXContainerItemProxy section */
		AB39FE651FB9E60D00CB6F9C /* PBXContainerItemProxy */ = {
			isa = PBXContainerItemProxy;
			containerPortal = AB39FE481FB9E60C00CB6F9C /* Project object */;
			proxyType = 1;
			remoteGlobalIDString = AB39FE4F1FB9E60C00CB6F9C;
			remoteInfo = clintosarkit;
		};
		AB39FE701FB9E60D00CB6F9C /* PBXContainerItemProxy */ = {
			isa = PBXContainerItemProxy;
			containerPortal = AB39FE481FB9E60C00CB6F9C /* Project object */;
			proxyType = 1;
			remoteGlobalIDString = AB39FE4F1FB9E60C00CB6F9C;
			remoteInfo = clintosarkit;
		};
/* End PBXContainerItemProxy section */

/* Begin PBXFileReference section */
		AB247B081FBC991400B8957D /* PickerMode.swift */ = {isa = PBXFileReference; lastKnownFileType = sourcecode.swift; path = PickerMode.swift; sourceTree = "<group>"; };
		AB39FE501FB9E60C00CB6F9C /* clintosarkit.app */ = {isa = PBXFileReference; explicitFileType = wrapper.application; includeInIndex = 0; path = clintosarkit.app; sourceTree = BUILT_PRODUCTS_DIR; };
		AB39FE531FB9E60C00CB6F9C /* AppDelegate.swift */ = {isa = PBXFileReference; lastKnownFileType = sourcecode.swift; path = AppDelegate.swift; sourceTree = "<group>"; };
		AB39FE551FB9E60C00CB6F9C /* ViewController.swift */ = {isa = PBXFileReference; lastKnownFileType = sourcecode.swift; path = ViewController.swift; sourceTree = "<group>"; };
		AB39FE581FB9E60C00CB6F9C /* Base */ = {isa = PBXFileReference; lastKnownFileType = file.storyboard; name = Base; path = Base.lproj/Main.storyboard; sourceTree = "<group>"; };
		AB39FE5A1FB9E60C00CB6F9C /* Assets.xcassets */ = {isa = PBXFileReference; lastKnownFileType = folder.assetcatalog; path = Assets.xcassets; sourceTree = "<group>"; };
		AB39FE5D1FB9E60C00CB6F9C /* Base */ = {isa = PBXFileReference; lastKnownFileType = file.storyboard; name = Base; path = Base.lproj/LaunchScreen.storyboard; sourceTree = "<group>"; };
		AB39FE5F1FB9E60C00CB6F9C /* Info.plist */ = {isa = PBXFileReference; lastKnownFileType = text.plist.xml; path = Info.plist; sourceTree = "<group>"; };
		AB39FE641FB9E60D00CB6F9C /* clintosarkitTests.xctest */ = {isa = PBXFileReference; explicitFileType = wrapper.cfbundle; includeInIndex = 0; path = clintosarkitTests.xctest; sourceTree = BUILT_PRODUCTS_DIR; };
		AB39FE681FB9E60D00CB6F9C /* clintosarkitTests.swift */ = {isa = PBXFileReference; lastKnownFileType = sourcecode.swift; path = clintosarkitTests.swift; sourceTree = "<group>"; };
		AB39FE6A1FB9E60D00CB6F9C /* Info.plist */ = {isa = PBXFileReference; lastKnownFileType = text.plist.xml; path = Info.plist; sourceTree = "<group>"; };
		AB39FE6F1FB9E60D00CB6F9C /* clintosarkitUITests.xctest */ = {isa = PBXFileReference; explicitFileType = wrapper.cfbundle; includeInIndex = 0; path = clintosarkitUITests.xctest; sourceTree = BUILT_PRODUCTS_DIR; };
		AB39FE731FB9E60D00CB6F9C /* clintosarkitUITests.swift */ = {isa = PBXFileReference; lastKnownFileType = sourcecode.swift; path = clintosarkitUITests.swift; sourceTree = "<group>"; };
		AB39FE751FB9E60D00CB6F9C /* Info.plist */ = {isa = PBXFileReference; lastKnownFileType = text.plist.xml; path = Info.plist; sourceTree = "<group>"; };
		AB39FE891FBA174900CB6F9C /* Plane.swift */ = {isa = PBXFileReference; lastKnownFileType = sourcecode.swift; path = Plane.swift; sourceTree = "<group>"; };
		AB39FE8D1FBA288500CB6F9C /* Box.swift */ = {isa = PBXFileReference; lastKnownFileType = sourcecode.swift; path = Box.swift; sourceTree = "<group>"; };
		AB61CF941FBB423100DD8001 /* OptionsViewController.swift */ = {isa = PBXFileReference; lastKnownFileType = sourcecode.swift; path = OptionsViewController.swift; sourceTree = "<group>"; };
		AB61CF961FBB5C7500DD8001 /* Settings.swift */ = {isa = PBXFileReference; lastKnownFileType = sourcecode.swift; path = Settings.swift; sourceTree = "<group>"; };
		AB8206EE1FBCC7EC0092833D /* PhysicalObject.swift */ = {isa = PBXFileReference; lastKnownFileType = sourcecode.swift; path = PhysicalObject.swift; sourceTree = "<group>"; };
		ABCAF1E41FBBA33700C8917F /* Sphere.swift */ = {isa = PBXFileReference; lastKnownFileType = sourcecode.swift; path = Sphere.swift; sourceTree = "<group>"; };
		ABCAF1E61FBBA45D00C8917F /* PhysicalObjectType.swift */ = {isa = PBXFileReference; lastKnownFileType = sourcecode.swift; path = PhysicalObjectType.swift; sourceTree = "<group>"; };
		ABCAF1E81FBBA71700C8917F /* ForceType.swift */ = {isa = PBXFileReference; lastKnownFileType = sourcecode.swift; path = ForceType.swift; sourceTree = "<group>"; };
		ABCAF1F61FBC888100C8917F /* MaterialType.swift */ = {isa = PBXFileReference; lastKnownFileType = sourcecode.swift; path = MaterialType.swift; sourceTree = "<group>"; };
		ABCAF1F91FBC8BDB00C8917F /* copper-metal.png */ = {isa = PBXFileReference; lastKnownFileType = image.png; path = "copper-metal.png"; sourceTree = "<group>"; };
		ABCAF1FA1FBC8BDB00C8917F /* copper-albedo.png */ = {isa = PBXFileReference; lastKnownFileType = image.png; path = "copper-albedo.png"; sourceTree = "<group>"; };
		ABCAF1FB1FBC8BDB00C8917F /* coppper-roughness.png */ = {isa = PBXFileReference; lastKnownFileType = image.png; path = "coppper-roughness.png"; sourceTree = "<group>"; };
		ABCAF1FC1FBC8BDC00C8917F /* copper-normal.png */ = {isa = PBXFileReference; lastKnownFileType = image.png; path = "copper-normal.png"; sourceTree = "<group>"; };
		ABCAF2021FBC8C0900C8917F /* iron-roughness.png */ = {isa = PBXFileReference; lastKnownFileType = image.png; path = "iron-roughness.png"; sourceTree = "<group>"; };
		ABCAF2031FBC8C0900C8917F /* iron-albedo.png */ = {isa = PBXFileReference; lastKnownFileType = image.png; path = "iron-albedo.png"; sourceTree = "<group>"; };
		ABCAF2041FBC8C0A00C8917F /* iron-metallic.png */ = {isa = PBXFileReference; lastKnownFileType = image.png; path = "iron-metallic.png"; sourceTree = "<group>"; };
		ABCAF2051FBC8C0A00C8917F /* iron-normal.png */ = {isa = PBXFileReference; lastKnownFileType = image.png; path = "iron-normal.png"; sourceTree = "<group>"; };
		ABCAF20B1FBC8C5900C8917F /* limestone-albedo.png */ = {isa = PBXFileReference; lastKnownFileType = image.png; path = "limestone-albedo.png"; sourceTree = "<group>"; };
		ABCAF20C1FBC8C5B00C8917F /* limestone-normal.png */ = {isa = PBXFileReference; lastKnownFileType = image.png; path = "limestone-normal.png"; sourceTree = "<group>"; };
		ABCAF20D1FBC8C5B00C8917F /* limestone-metalness.png */ = {isa = PBXFileReference; lastKnownFileType = image.png; path = "limestone-metalness.png"; sourceTree = "<group>"; };
		ABCAF20E1FBC8C5B00C8917F /* limestone-roughness.png */ = {isa = PBXFileReference; lastKnownFileType = image.png; path = "limestone-roughness.png"; sourceTree = "<group>"; };
		ABCAF2131FBC8C7400C8917F /* Texture.swift */ = {isa = PBXFileReference; lastKnownFileType = sourcecode.swift; path = Texture.swift; sourceTree = "<group>"; };
		ABCAF2161FBC8F5900C8917F /* plastic-metal.png */ = {isa = PBXFileReference; lastKnownFileType = image.png; path = "plastic-metal.png"; sourceTree = "<group>"; };
		ABCAF2171FBC8F5900C8917F /* plastic-normal.png */ = {isa = PBXFileReference; lastKnownFileType = image.png; path = "plastic-normal.png"; sourceTree = "<group>"; };
		ABCAF2181FBC8F5900C8917F /* plastic-albedo.png */ = {isa = PBXFileReference; lastKnownFileType = image.png; path = "plastic-albedo.png"; sourceTree = "<group>"; };
		ABCAF2191FBC8F5900C8917F /* plastic-roughness.png */ = {isa = PBXFileReference; lastKnownFileType = image.png; path = "plastic-roughness.png"; sourceTree = "<group>"; };
		ABCAF21F1FBC8F8800C8917F /* rubber-roughness.png */ = {isa = PBXFileReference; lastKnownFileType = image.png; path = "rubber-roughness.png"; sourceTree = "<group>"; };
		ABCAF2201FBC8F8800C8917F /* rubber-metalness.png */ = {isa = PBXFileReference; lastKnownFileType = image.png; path = "rubber-metalness.png"; sourceTree = "<group>"; };
		ABCAF2211FBC8F8800C8917F /* rubber-normal.png */ = {isa = PBXFileReference; lastKnownFileType = image.png; path = "rubber-normal.png"; sourceTree = "<group>"; };
		ABCAF2221FBC8F8900C8917F /* rubber-albedo.png */ = {isa = PBXFileReference; lastKnownFileType = image.png; path = "rubber-albedo.png"; sourceTree = "<group>"; };
		ABCAF2281FBC900F00C8917F /* sandstone-albedo.png */ = {isa = PBXFileReference; lastKnownFileType = image.png; path = "sandstone-albedo.png"; sourceTree = "<group>"; };
		ABCAF2291FBC901000C8917F /* sandstone-metalness.png */ = {isa = PBXFileReference; lastKnownFileType = image.png; path = "sandstone-metalness.png"; sourceTree = "<group>"; };
		ABCAF22A1FBC901000C8917F /* sandstone-roughness.png */ = {isa = PBXFileReference; lastKnownFileType = image.png; path = "sandstone-roughness.png"; sourceTree = "<group>"; };
		ABCAF22B1FBC901100C8917F /* sandstone-normal.png */ = {isa = PBXFileReference; lastKnownFileType = image.png; path = "sandstone-normal.png"; sourceTree = "<group>"; };
/* End PBXFileReference section */

/* Begin PBXFrameworksBuildPhase section */
		AB39FE4D1FB9E60C00CB6F9C /* Frameworks */ = {
			isa = PBXFrameworksBuildPhase;
			buildActionMask = 2147483647;
			files = (
			);
			runOnlyForDeploymentPostprocessing = 0;
		};
		AB39FE611FB9E60D00CB6F9C /* Frameworks */ = {
			isa = PBXFrameworksBuildPhase;
			buildActionMask = 2147483647;
			files = (
			);
			runOnlyForDeploymentPostprocessing = 0;
		};
		AB39FE6C1FB9E60D00CB6F9C /* Frameworks */ = {
			isa = PBXFrameworksBuildPhase;
			buildActionMask = 2147483647;
			files = (
			);
			runOnlyForDeploymentPostprocessing = 0;
		};
/* End PBXFrameworksBuildPhase section */

/* Begin PBXGroup section */
		AB247B0A1FBCA24900B8957D /* Helpers */ = {
			isa = PBXGroup;
			children = (
				AB61CF961FBB5C7500DD8001 /* Settings.swift */,
				ABCAF2131FBC8C7400C8917F /* Texture.swift */,
			);
			path = Helpers;
			sourceTree = "<group>";
		};
		AB39FE471FB9E60C00CB6F9C = {
			isa = PBXGroup;
			children = (
				AB39FE521FB9E60C00CB6F9C /* clintosarkit */,
				AB39FE671FB9E60D00CB6F9C /* clintosarkitTests */,
				AB39FE721FB9E60D00CB6F9C /* clintosarkitUITests */,
				AB39FE511FB9E60C00CB6F9C /* Products */,
			);
			sourceTree = "<group>";
		};
		AB39FE511FB9E60C00CB6F9C /* Products */ = {
			isa = PBXGroup;
			children = (
				AB39FE501FB9E60C00CB6F9C /* clintosarkit.app */,
				AB39FE641FB9E60D00CB6F9C /* clintosarkitTests.xctest */,
				AB39FE6F1FB9E60D00CB6F9C /* clintosarkitUITests.xctest */,
			);
			name = Products;
			sourceTree = "<group>";
		};
		AB39FE521FB9E60C00CB6F9C /* clintosarkit */ = {
			isa = PBXGroup;
			children = (
				AB39FE821FB9E65600CB6F9C /* Code */,
				AB39FE811FB9E63C00CB6F9C /* Resources */,
				AB39FE5A1FB9E60C00CB6F9C /* Assets.xcassets */,
				AB39FE5F1FB9E60C00CB6F9C /* Info.plist */,
			);
			path = clintosarkit;
			sourceTree = "<group>";
		};
		AB39FE671FB9E60D00CB6F9C /* clintosarkitTests */ = {
			isa = PBXGroup;
			children = (
				AB39FE681FB9E60D00CB6F9C /* clintosarkitTests.swift */,
				AB39FE6A1FB9E60D00CB6F9C /* Info.plist */,
			);
			path = clintosarkitTests;
			sourceTree = "<group>";
		};
		AB39FE721FB9E60D00CB6F9C /* clintosarkitUITests */ = {
			isa = PBXGroup;
			children = (
				AB39FE731FB9E60D00CB6F9C /* clintosarkitUITests.swift */,
				AB39FE751FB9E60D00CB6F9C /* Info.plist */,
			);
			path = clintosarkitUITests;
			sourceTree = "<group>";
		};
		AB39FE811FB9E63C00CB6F9C /* Resources */ = {
			isa = PBXGroup;
			children = (
				ABCAF1EC1FBC872E00C8917F /* Textures */,
				AB39FE571FB9E60C00CB6F9C /* Main.storyboard */,
				AB39FE5C1FB9E60C00CB6F9C /* LaunchScreen.storyboard */,
			);
			path = Resources;
			sourceTree = "<group>";
		};
		AB39FE821FB9E65600CB6F9C /* Code */ = {
			isa = PBXGroup;
			children = (
				AB247B0A1FBCA24900B8957D /* Helpers */,
				ABCAF1E31FBBA2A000C8917F /* Enums */,
				ABCAF1E21FBBA29400C8917F /* Controllers */,
				ABCAF1E01FBBA27B00C8917F /* Objects */,
				AB39FE531FB9E60C00CB6F9C /* AppDelegate.swift */,
			);
			path = Code;
			sourceTree = "<group>";
		};
		ABCAF1E01FBBA27B00C8917F /* Objects */ = {
			isa = PBXGroup;
			children = (
				AB39FE891FBA174900CB6F9C /* Plane.swift */,
				AB39FE8D1FBA288500CB6F9C /* Box.swift */,
				ABCAF1E41FBBA33700C8917F /* Sphere.swift */,
				AB8206EE1FBCC7EC0092833D /* PhysicalObject.swift */,
			);
			path = Objects;
			sourceTree = "<group>";
		};
		ABCAF1E21FBBA29400C8917F /* Controllers */ = {
			isa = PBXGroup;
			children = (
				AB39FE551FB9E60C00CB6F9C /* ViewController.swift */,
				AB61CF941FBB423100DD8001 /* OptionsViewController.swift */,
			);
			path = Controllers;
			sourceTree = "<group>";
		};
		ABCAF1E31FBBA2A000C8917F /* Enums */ = {
			isa = PBXGroup;
			children = (
				ABCAF1E61FBBA45D00C8917F /* PhysicalObjectType.swift */,
				ABCAF1E81FBBA71700C8917F /* ForceType.swift */,
				ABCAF1F61FBC888100C8917F /* MaterialType.swift */,
				AB247B081FBC991400B8957D /* PickerMode.swift */,
			);
			path = Enums;
			sourceTree = "<group>";
		};
		ABCAF1EC1FBC872E00C8917F /* Textures */ = {
			isa = PBXGroup;
			children = (
				ABCAF2271FBC8F8C00C8917F /* sandstone */,
				ABCAF21E1FBC8F6D00C8917F /* rubber */,
				ABCAF2151FBC8EF300C8917F /* plastic */,
				ABCAF20A1FBC8C1700C8917F /* limestone */,
				ABCAF2011FBC8C0000C8917F /* iron */,
				ABCAF1F81FBC8BB800C8917F /* copper */,
			);
			path = Textures;
			sourceTree = "<group>";
		};
		ABCAF1F81FBC8BB800C8917F /* copper */ = {
			isa = PBXGroup;
			children = (
				ABCAF1FA1FBC8BDB00C8917F /* copper-albedo.png */,
				ABCAF1F91FBC8BDB00C8917F /* copper-metal.png */,
				ABCAF1FC1FBC8BDC00C8917F /* copper-normal.png */,
				ABCAF1FB1FBC8BDB00C8917F /* coppper-roughness.png */,
			);
			path = copper;
			sourceTree = "<group>";
		};
		ABCAF2011FBC8C0000C8917F /* iron */ = {
			isa = PBXGroup;
			children = (
				ABCAF2031FBC8C0900C8917F /* iron-albedo.png */,
				ABCAF2041FBC8C0A00C8917F /* iron-metallic.png */,
				ABCAF2051FBC8C0A00C8917F /* iron-normal.png */,
				ABCAF2021FBC8C0900C8917F /* iron-roughness.png */,
			);
			path = iron;
			sourceTree = "<group>";
		};
		ABCAF20A1FBC8C1700C8917F /* limestone */ = {
			isa = PBXGroup;
			children = (
				ABCAF20B1FBC8C5900C8917F /* limestone-albedo.png */,
				ABCAF20D1FBC8C5B00C8917F /* limestone-metalness.png */,
				ABCAF20C1FBC8C5B00C8917F /* limestone-normal.png */,
				ABCAF20E1FBC8C5B00C8917F /* limestone-roughness.png */,
			);
			path = limestone;
			sourceTree = "<group>";
		};
		ABCAF2151FBC8EF300C8917F /* plastic */ = {
			isa = PBXGroup;
			children = (
				ABCAF2181FBC8F5900C8917F /* plastic-albedo.png */,
				ABCAF2161FBC8F5900C8917F /* plastic-metal.png */,
				ABCAF2171FBC8F5900C8917F /* plastic-normal.png */,
				ABCAF2191FBC8F5900C8917F /* plastic-roughness.png */,
			);
			path = plastic;
			sourceTree = "<group>";
		};
		ABCAF21E1FBC8F6D00C8917F /* rubber */ = {
			isa = PBXGroup;
			children = (
				ABCAF2221FBC8F8900C8917F /* rubber-albedo.png */,
				ABCAF2201FBC8F8800C8917F /* rubber-metalness.png */,
				ABCAF2211FBC8F8800C8917F /* rubber-normal.png */,
				ABCAF21F1FBC8F8800C8917F /* rubber-roughness.png */,
			);
			path = rubber;
			sourceTree = "<group>";
		};
		ABCAF2271FBC8F8C00C8917F /* sandstone */ = {
			isa = PBXGroup;
			children = (
				ABCAF2281FBC900F00C8917F /* sandstone-albedo.png */,
				ABCAF2291FBC901000C8917F /* sandstone-metalness.png */,
				ABCAF22B1FBC901100C8917F /* sandstone-normal.png */,
				ABCAF22A1FBC901000C8917F /* sandstone-roughness.png */,
			);
			path = sandstone;
			sourceTree = "<group>";
		};
/* End PBXGroup section */

/* Begin PBXNativeTarget section */
		AB39FE4F1FB9E60C00CB6F9C /* clintosarkit */ = {
			isa = PBXNativeTarget;
			buildConfigurationList = AB39FE781FB9E60D00CB6F9C /* Build configuration list for PBXNativeTarget "clintosarkit" */;
			buildPhases = (
				AB39FE4C1FB9E60C00CB6F9C /* Sources */,
				AB39FE4D1FB9E60C00CB6F9C /* Frameworks */,
				AB39FE4E1FB9E60C00CB6F9C /* Resources */,
			);
			buildRules = (
			);
			dependencies = (
			);
			name = clintosarkit;
			productName = clintosarkit;
			productReference = AB39FE501FB9E60C00CB6F9C /* clintosarkit.app */;
			productType = "com.apple.product-type.application";
		};
		AB39FE631FB9E60D00CB6F9C /* clintosarkitTests */ = {
			isa = PBXNativeTarget;
			buildConfigurationList = AB39FE7B1FB9E60D00CB6F9C /* Build configuration list for PBXNativeTarget "clintosarkitTests" */;
			buildPhases = (
				AB39FE601FB9E60D00CB6F9C /* Sources */,
				AB39FE611FB9E60D00CB6F9C /* Frameworks */,
				AB39FE621FB9E60D00CB6F9C /* Resources */,
			);
			buildRules = (
			);
			dependencies = (
				AB39FE661FB9E60D00CB6F9C /* PBXTargetDependency */,
			);
			name = clintosarkitTests;
			productName = clintosarkitTests;
			productReference = AB39FE641FB9E60D00CB6F9C /* clintosarkitTests.xctest */;
			productType = "com.apple.product-type.bundle.unit-test";
		};
		AB39FE6E1FB9E60D00CB6F9C /* clintosarkitUITests */ = {
			isa = PBXNativeTarget;
			buildConfigurationList = AB39FE7E1FB9E60D00CB6F9C /* Build configuration list for PBXNativeTarget "clintosarkitUITests" */;
			buildPhases = (
				AB39FE6B1FB9E60D00CB6F9C /* Sources */,
				AB39FE6C1FB9E60D00CB6F9C /* Frameworks */,
				AB39FE6D1FB9E60D00CB6F9C /* Resources */,
			);
			buildRules = (
			);
			dependencies = (
				AB39FE711FB9E60D00CB6F9C /* PBXTargetDependency */,
			);
			name = clintosarkitUITests;
			productName = clintosarkitUITests;
			productReference = AB39FE6F1FB9E60D00CB6F9C /* clintosarkitUITests.xctest */;
			productType = "com.apple.product-type.bundle.ui-testing";
		};
/* End PBXNativeTarget section */

/* Begin PBXProject section */
		AB39FE481FB9E60C00CB6F9C /* Project object */ = {
			isa = PBXProject;
			attributes = {
				LastSwiftUpdateCheck = 0910;
				LastUpgradeCheck = 0910;
				ORGANIZATIONNAME = Clinton;
				TargetAttributes = {
					AB39FE4F1FB9E60C00CB6F9C = {
						CreatedOnToolsVersion = 9.1;
						ProvisioningStyle = Automatic;
					};
					AB39FE631FB9E60D00CB6F9C = {
						CreatedOnToolsVersion = 9.1;
						ProvisioningStyle = Automatic;
						TestTargetID = AB39FE4F1FB9E60C00CB6F9C;
					};
					AB39FE6E1FB9E60D00CB6F9C = {
						CreatedOnToolsVersion = 9.1;
						ProvisioningStyle = Automatic;
						TestTargetID = AB39FE4F1FB9E60C00CB6F9C;
					};
				};
			};
			buildConfigurationList = AB39FE4B1FB9E60C00CB6F9C /* Build configuration list for PBXProject "clintosarkit" */;
			compatibilityVersion = "Xcode 8.0";
			developmentRegion = en;
			hasScannedForEncodings = 0;
			knownRegions = (
				en,
				Base,
			);
			mainGroup = AB39FE471FB9E60C00CB6F9C;
			productRefGroup = AB39FE511FB9E60C00CB6F9C /* Products */;
			projectDirPath = "";
			projectRoot = "";
			targets = (
				AB39FE4F1FB9E60C00CB6F9C /* clintosarkit */,
				AB39FE631FB9E60D00CB6F9C /* clintosarkitTests */,
				AB39FE6E1FB9E60D00CB6F9C /* clintosarkitUITests */,
			);
		};
/* End PBXProject section */

/* Begin PBXResourcesBuildPhase section */
		AB39FE4E1FB9E60C00CB6F9C /* Resources */ = {
			isa = PBXResourcesBuildPhase;
			buildActionMask = 2147483647;
			files = (
				ABCAF2231FBC8F8900C8917F /* rubber-roughness.png in Resources */,
				ABCAF2061FBC8C0A00C8917F /* iron-roughness.png in Resources */,
				ABCAF22C1FBC901100C8917F /* sandstone-albedo.png in Resources */,
				ABCAF22D1FBC901100C8917F /* sandstone-metalness.png in Resources */,
				ABCAF2101FBC8C5C00C8917F /* limestone-normal.png in Resources */,
				ABCAF21B1FBC8F5900C8917F /* plastic-normal.png in Resources */,
				ABCAF22F1FBC901100C8917F /* sandstone-normal.png in Resources */,
				ABCAF1FF1FBC8BDC00C8917F /* coppper-roughness.png in Resources */,
				ABCAF2111FBC8C5C00C8917F /* limestone-metalness.png in Resources */,
				ABCAF2251FBC8F8900C8917F /* rubber-normal.png in Resources */,
				ABCAF21A1FBC8F5900C8917F /* plastic-metal.png in Resources */,
				ABCAF21D1FBC8F5900C8917F /* plastic-roughness.png in Resources */,
				ABCAF2261FBC8F8900C8917F /* rubber-albedo.png in Resources */,
				ABCAF22E1FBC901100C8917F /* sandstone-roughness.png in Resources */,
				ABCAF2071FBC8C0A00C8917F /* iron-albedo.png in Resources */,
				ABCAF20F1FBC8C5C00C8917F /* limestone-albedo.png in Resources */,
				ABCAF2241FBC8F8900C8917F /* rubber-metalness.png in Resources */,
				ABCAF1FD1FBC8BDC00C8917F /* copper-metal.png in Resources */,
				AB39FE5E1FB9E60C00CB6F9C /* LaunchScreen.storyboard in Resources */,
				AB39FE5B1FB9E60C00CB6F9C /* Assets.xcassets in Resources */,
				ABCAF2081FBC8C0A00C8917F /* iron-metallic.png in Resources */,
				ABCAF2121FBC8C5C00C8917F /* limestone-roughness.png in Resources */,
				ABCAF1FE1FBC8BDC00C8917F /* copper-albedo.png in Resources */,
				ABCAF2091FBC8C0A00C8917F /* iron-normal.png in Resources */,
				ABCAF2001FBC8BDC00C8917F /* copper-normal.png in Resources */,
				AB39FE591FB9E60C00CB6F9C /* Main.storyboard in Resources */,
				ABCAF21C1FBC8F5900C8917F /* plastic-albedo.png in Resources */,
			);
			runOnlyForDeploymentPostprocessing = 0;
		};
		AB39FE621FB9E60D00CB6F9C /* Resources */ = {
			isa = PBXResourcesBuildPhase;
			buildActionMask = 2147483647;
			files = (
			);
			runOnlyForDeploymentPostprocessing = 0;
		};
		AB39FE6D1FB9E60D00CB6F9C /* Resources */ = {
			isa = PBXResourcesBuildPhase;
			buildActionMask = 2147483647;
			files = (
			);
			runOnlyForDeploymentPostprocessing = 0;
		};
/* End PBXResourcesBuildPhase section */

/* Begin PBXSourcesBuildPhase section */
		AB39FE4C1FB9E60C00CB6F9C /* Sources */ = {
			isa = PBXSourcesBuildPhase;
			buildActionMask = 2147483647;
			files = (
				ABCAF1F71FBC888100C8917F /* MaterialType.swift in Sources */,
				AB39FE561FB9E60C00CB6F9C /* ViewController.swift in Sources */,
				AB39FE8A1FBA174900CB6F9C /* Plane.swift in Sources */,
				AB61CF951FBB423100DD8001 /* OptionsViewController.swift in Sources */,
				AB61CF971FBB5C7500DD8001 /* Settings.swift in Sources */,
				AB39FE8E1FBA288500CB6F9C /* Box.swift in Sources */,
				ABCAF2141FBC8C7400C8917F /* Texture.swift in Sources */,
				ABCAF1E51FBBA33700C8917F /* Sphere.swift in Sources */,
				ABCAF1E91FBBA71700C8917F /* ForceType.swift in Sources */,
				ABCAF1E71FBBA45D00C8917F /* PhysicalObjectType.swift in Sources */,
				AB8206EF1FBCC7EC0092833D /* PhysicalObject.swift in Sources */,
				AB247B091FBC991400B8957D /* PickerMode.swift in Sources */,
				AB39FE541FB9E60C00CB6F9C /* AppDelegate.swift in Sources */,
			);
			runOnlyForDeploymentPostprocessing = 0;
		};
		AB39FE601FB9E60D00CB6F9C /* Sources */ = {
			isa = PBXSourcesBuildPhase;
			buildActionMask = 2147483647;
			files = (
				AB39FE691FB9E60D00CB6F9C /* clintosarkitTests.swift in Sources */,
			);
			runOnlyForDeploymentPostprocessing = 0;
		};
		AB39FE6B1FB9E60D00CB6F9C /* Sources */ = {
			isa = PBXSourcesBuildPhase;
			buildActionMask = 2147483647;
			files = (
				AB39FE741FB9E60D00CB6F9C /* clintosarkitUITests.swift in Sources */,
			);
			runOnlyForDeploymentPostprocessing = 0;
		};
/* End PBXSourcesBuildPhase section */

/* Begin PBXTargetDependency section */
		AB39FE661FB9E60D00CB6F9C /* PBXTargetDependency */ = {
			isa = PBXTargetDependency;
			target = AB39FE4F1FB9E60C00CB6F9C /* clintosarkit */;
			targetProxy = AB39FE651FB9E60D00CB6F9C /* PBXContainerItemProxy */;
		};
		AB39FE711FB9E60D00CB6F9C /* PBXTargetDependency */ = {
			isa = PBXTargetDependency;
			target = AB39FE4F1FB9E60C00CB6F9C /* clintosarkit */;
			targetProxy = AB39FE701FB9E60D00CB6F9C /* PBXContainerItemProxy */;
		};
/* End PBXTargetDependency section */

/* Begin PBXVariantGroup section */
		AB39FE571FB9E60C00CB6F9C /* Main.storyboard */ = {
			isa = PBXVariantGroup;
			children = (
				AB39FE581FB9E60C00CB6F9C /* Base */,
			);
			name = Main.storyboard;
			sourceTree = "<group>";
		};
		AB39FE5C1FB9E60C00CB6F9C /* LaunchScreen.storyboard */ = {
			isa = PBXVariantGroup;
			children = (
				AB39FE5D1FB9E60C00CB6F9C /* Base */,
			);
			name = LaunchScreen.storyboard;
			sourceTree = "<group>";
		};
/* End PBXVariantGroup section */

/* Begin XCBuildConfiguration section */
		AB39FE761FB9E60D00CB6F9C /* Debug */ = {
			isa = XCBuildConfiguration;
			buildSettings = {
				ALWAYS_SEARCH_USER_PATHS = NO;
				CLANG_ANALYZER_NONNULL = YES;
				CLANG_ANALYZER_NUMBER_OBJECT_CONVERSION = YES_AGGRESSIVE;
				CLANG_CXX_LANGUAGE_STANDARD = "gnu++14";
				CLANG_CXX_LIBRARY = "libc++";
				CLANG_ENABLE_MODULES = YES;
				CLANG_ENABLE_OBJC_ARC = YES;
				CLANG_WARN_BLOCK_CAPTURE_AUTORELEASING = YES;
				CLANG_WARN_BOOL_CONVERSION = YES;
				CLANG_WARN_COMMA = YES;
				CLANG_WARN_CONSTANT_CONVERSION = YES;
				CLANG_WARN_DIRECT_OBJC_ISA_USAGE = YES_ERROR;
				CLANG_WARN_DOCUMENTATION_COMMENTS = YES;
				CLANG_WARN_EMPTY_BODY = YES;
				CLANG_WARN_ENUM_CONVERSION = YES;
				CLANG_WARN_INFINITE_RECURSION = YES;
				CLANG_WARN_INT_CONVERSION = YES;
				CLANG_WARN_NON_LITERAL_NULL_CONVERSION = YES;
				CLANG_WARN_OBJC_LITERAL_CONVERSION = YES;
				CLANG_WARN_OBJC_ROOT_CLASS = YES_ERROR;
				CLANG_WARN_RANGE_LOOP_ANALYSIS = YES;
				CLANG_WARN_STRICT_PROTOTYPES = YES;
				CLANG_WARN_SUSPICIOUS_MOVE = YES;
				CLANG_WARN_UNGUARDED_AVAILABILITY = YES_AGGRESSIVE;
				CLANG_WARN_UNREACHABLE_CODE = YES;
				CLANG_WARN__DUPLICATE_METHOD_MATCH = YES;
				CODE_SIGN_IDENTITY = "iPhone Developer";
				COPY_PHASE_STRIP = NO;
				DEBUG_INFORMATION_FORMAT = dwarf;
				ENABLE_STRICT_OBJC_MSGSEND = YES;
				ENABLE_TESTABILITY = YES;
				GCC_C_LANGUAGE_STANDARD = gnu11;
				GCC_DYNAMIC_NO_PIC = NO;
				GCC_NO_COMMON_BLOCKS = YES;
				GCC_OPTIMIZATION_LEVEL = 0;
				GCC_PREPROCESSOR_DEFINITIONS = (
					"DEBUG=1",
					"$(inherited)",
				);
				GCC_WARN_64_TO_32_BIT_CONVERSION = YES;
				GCC_WARN_ABOUT_RETURN_TYPE = YES_ERROR;
				GCC_WARN_UNDECLARED_SELECTOR = YES;
				GCC_WARN_UNINITIALIZED_AUTOS = YES_AGGRESSIVE;
				GCC_WARN_UNUSED_FUNCTION = YES;
				GCC_WARN_UNUSED_VARIABLE = YES;
				IPHONEOS_DEPLOYMENT_TARGET = 11.1;
				MTL_ENABLE_DEBUG_INFO = YES;
				ONLY_ACTIVE_ARCH = YES;
				SDKROOT = iphoneos;
				SWIFT_ACTIVE_COMPILATION_CONDITIONS = DEBUG;
				SWIFT_OPTIMIZATION_LEVEL = "-Onone";
			};
			name = Debug;
		};
		AB39FE771FB9E60D00CB6F9C /* Release */ = {
			isa = XCBuildConfiguration;
			buildSettings = {
				ALWAYS_SEARCH_USER_PATHS = NO;
				CLANG_ANALYZER_NONNULL = YES;
				CLANG_ANALYZER_NUMBER_OBJECT_CONVERSION = YES_AGGRESSIVE;
				CLANG_CXX_LANGUAGE_STANDARD = "gnu++14";
				CLANG_CXX_LIBRARY = "libc++";
				CLANG_ENABLE_MODULES = YES;
				CLANG_ENABLE_OBJC_ARC = YES;
				CLANG_WARN_BLOCK_CAPTURE_AUTORELEASING = YES;
				CLANG_WARN_BOOL_CONVERSION = YES;
				CLANG_WARN_COMMA = YES;
				CLANG_WARN_CONSTANT_CONVERSION = YES;
				CLANG_WARN_DIRECT_OBJC_ISA_USAGE = YES_ERROR;
				CLANG_WARN_DOCUMENTATION_COMMENTS = YES;
				CLANG_WARN_EMPTY_BODY = YES;
				CLANG_WARN_ENUM_CONVERSION = YES;
				CLANG_WARN_INFINITE_RECURSION = YES;
				CLANG_WARN_INT_CONVERSION = YES;
				CLANG_WARN_NON_LITERAL_NULL_CONVERSION = YES;
				CLANG_WARN_OBJC_LITERAL_CONVERSION = YES;
				CLANG_WARN_OBJC_ROOT_CLASS = YES_ERROR;
				CLANG_WARN_RANGE_LOOP_ANALYSIS = YES;
				CLANG_WARN_STRICT_PROTOTYPES = YES;
				CLANG_WARN_SUSPICIOUS_MOVE = YES;
				CLANG_WARN_UNGUARDED_AVAILABILITY = YES_AGGRESSIVE;
				CLANG_WARN_UNREACHABLE_CODE = YES;
				CLANG_WARN__DUPLICATE_METHOD_MATCH = YES;
				CODE_SIGN_IDENTITY = "iPhone Developer";
				COPY_PHASE_STRIP = NO;
				DEBUG_INFORMATION_FORMAT = "dwarf-with-dsym";
				ENABLE_NS_ASSERTIONS = NO;
				ENABLE_STRICT_OBJC_MSGSEND = YES;
				GCC_C_LANGUAGE_STANDARD = gnu11;
				GCC_NO_COMMON_BLOCKS = YES;
				GCC_WARN_64_TO_32_BIT_CONVERSION = YES;
				GCC_WARN_ABOUT_RETURN_TYPE = YES_ERROR;
				GCC_WARN_UNDECLARED_SELECTOR = YES;
				GCC_WARN_UNINITIALIZED_AUTOS = YES_AGGRESSIVE;
				GCC_WARN_UNUSED_FUNCTION = YES;
				GCC_WARN_UNUSED_VARIABLE = YES;
				IPHONEOS_DEPLOYMENT_TARGET = 11.1;
				MTL_ENABLE_DEBUG_INFO = NO;
				SDKROOT = iphoneos;
				SWIFT_OPTIMIZATION_LEVEL = "-Owholemodule";
				VALIDATE_PRODUCT = YES;
			};
			name = Release;
		};
		AB39FE791FB9E60D00CB6F9C /* Debug */ = {
			isa = XCBuildConfiguration;
			buildSettings = {
				ASSETCATALOG_COMPILER_APPICON_NAME = AppIcon;
				CODE_SIGN_STYLE = Automatic;
				DEVELOPMENT_TEAM = TAUJQKB66W;
				INFOPLIST_FILE = clintosarkit/Info.plist;
				LD_RUNPATH_SEARCH_PATHS = "$(inherited) @executable_path/Frameworks";
				PRODUCT_BUNDLE_IDENTIFIER = hackathon.clintosarkit;
				PRODUCT_NAME = "$(TARGET_NAME)";
				SWIFT_VERSION = 4.0;
				TARGETED_DEVICE_FAMILY = "1,2";
			};
			name = Debug;
		};
		AB39FE7A1FB9E60D00CB6F9C /* Release */ = {
			isa = XCBuildConfiguration;
			buildSettings = {
				ASSETCATALOG_COMPILER_APPICON_NAME = AppIcon;
				CODE_SIGN_STYLE = Automatic;
				DEVELOPMENT_TEAM = TAUJQKB66W;
				INFOPLIST_FILE = clintosarkit/Info.plist;
				LD_RUNPATH_SEARCH_PATHS = "$(inherited) @executable_path/Frameworks";
				PRODUCT_BUNDLE_IDENTIFIER = hackathon.clintosarkit;
				PRODUCT_NAME = "$(TARGET_NAME)";
				SWIFT_VERSION = 4.0;
				TARGETED_DEVICE_FAMILY = "1,2";
			};
			name = Release;
		};
		AB39FE7C1FB9E60D00CB6F9C /* Debug */ = {
			isa = XCBuildConfiguration;
			buildSettings = {
				ALWAYS_EMBED_SWIFT_STANDARD_LIBRARIES = YES;
				BUNDLE_LOADER = "$(TEST_HOST)";
				CODE_SIGN_STYLE = Automatic;
				DEVELOPMENT_TEAM = TAUJQKB66W;
				INFOPLIST_FILE = clintosarkitTests/Info.plist;
				LD_RUNPATH_SEARCH_PATHS = "$(inherited) @executable_path/Frameworks @loader_path/Frameworks";
				PRODUCT_BUNDLE_IDENTIFIER = hackathon.clintosarkitTests;
				PRODUCT_NAME = "$(TARGET_NAME)";
				SWIFT_VERSION = 4.0;
				TARGETED_DEVICE_FAMILY = "1,2";
				TEST_HOST = "$(BUILT_PRODUCTS_DIR)/clintosarkit.app/clintosarkit";
			};
			name = Debug;
		};
		AB39FE7D1FB9E60D00CB6F9C /* Release */ = {
			isa = XCBuildConfiguration;
			buildSettings = {
				ALWAYS_EMBED_SWIFT_STANDARD_LIBRARIES = YES;
				BUNDLE_LOADER = "$(TEST_HOST)";
				CODE_SIGN_STYLE = Automatic;
				DEVELOPMENT_TEAM = TAUJQKB66W;
				INFOPLIST_FILE = clintosarkitTests/Info.plist;
				LD_RUNPATH_SEARCH_PATHS = "$(inherited) @executable_path/Frameworks @loader_path/Frameworks";
				PRODUCT_BUNDLE_IDENTIFIER = hackathon.clintosarkitTests;
				PRODUCT_NAME = "$(TARGET_NAME)";
				SWIFT_VERSION = 4.0;
				TARGETED_DEVICE_FAMILY = "1,2";
				TEST_HOST = "$(BUILT_PRODUCTS_DIR)/clintosarkit.app/clintosarkit";
			};
			name = Release;
		};
		AB39FE7F1FB9E60D00CB6F9C /* Debug */ = {
			isa = XCBuildConfiguration;
			buildSettings = {
				ALWAYS_EMBED_SWIFT_STANDARD_LIBRARIES = YES;
				CODE_SIGN_STYLE = Automatic;
				DEVELOPMENT_TEAM = TAUJQKB66W;
				INFOPLIST_FILE = clintosarkitUITests/Info.plist;
				LD_RUNPATH_SEARCH_PATHS = "$(inherited) @executable_path/Frameworks @loader_path/Frameworks";
				PRODUCT_BUNDLE_IDENTIFIER = hackathon.clintosarkitUITests;
				PRODUCT_NAME = "$(TARGET_NAME)";
				SWIFT_VERSION = 4.0;
				TARGETED_DEVICE_FAMILY = "1,2";
				TEST_TARGET_NAME = clintosarkit;
			};
			name = Debug;
		};
		AB39FE801FB9E60D00CB6F9C /* Release */ = {
			isa = XCBuildConfiguration;
			buildSettings = {
				ALWAYS_EMBED_SWIFT_STANDARD_LIBRARIES = YES;
				CODE_SIGN_STYLE = Automatic;
				DEVELOPMENT_TEAM = TAUJQKB66W;
				INFOPLIST_FILE = clintosarkitUITests/Info.plist;
				LD_RUNPATH_SEARCH_PATHS = "$(inherited) @executable_path/Frameworks @loader_path/Frameworks";
				PRODUCT_BUNDLE_IDENTIFIER = hackathon.clintosarkitUITests;
				PRODUCT_NAME = "$(TARGET_NAME)";
				SWIFT_VERSION = 4.0;
				TARGETED_DEVICE_FAMILY = "1,2";
				TEST_TARGET_NAME = clintosarkit;
			};
			name = Release;
		};
/* End XCBuildConfiguration section */

/* Begin XCConfigurationList section */
		AB39FE4B1FB9E60C00CB6F9C /* Build configuration list for PBXProject "clintosarkit" */ = {
			isa = XCConfigurationList;
			buildConfigurations = (
				AB39FE761FB9E60D00CB6F9C /* Debug */,
				AB39FE771FB9E60D00CB6F9C /* Release */,
			);
			defaultConfigurationIsVisible = 0;
			defaultConfigurationName = Release;
		};
		AB39FE781FB9E60D00CB6F9C /* Build configuration list for PBXNativeTarget "clintosarkit" */ = {
			isa = XCConfigurationList;
			buildConfigurations = (
				AB39FE791FB9E60D00CB6F9C /* Debug */,
				AB39FE7A1FB9E60D00CB6F9C /* Release */,
			);
			defaultConfigurationIsVisible = 0;
			defaultConfigurationName = Release;
		};
		AB39FE7B1FB9E60D00CB6F9C /* Build configuration list for PBXNativeTarget "clintosarkitTests" */ = {
			isa = XCConfigurationList;
			buildConfigurations = (
				AB39FE7C1FB9E60D00CB6F9C /* Debug */,
				AB39FE7D1FB9E60D00CB6F9C /* Release */,
			);
			defaultConfigurationIsVisible = 0;
			defaultConfigurationName = Release;
		};
		AB39FE7E1FB9E60D00CB6F9C /* Build configuration list for PBXNativeTarget "clintosarkitUITests" */ = {
			isa = XCConfigurationList;
			buildConfigurations = (
				AB39FE7F1FB9E60D00CB6F9C /* Debug */,
				AB39FE801FB9E60D00CB6F9C /* Release */,
			);
			defaultConfigurationIsVisible = 0;
			defaultConfigurationName = Release;
		};
/* End XCConfigurationList section */
	};
	rootObject = AB39FE481FB9E60C00CB6F9C /* Project object */;
}
